
Microsoft Visual Studio Solution File, Format Version 12.00
# Visual Studio 15
VisualStudioVersion = 15.0.26730.16
MinimumVisualStudioVersion = 10.0.40219.1
Project("{FAE04EC0-301F-11D3-BF4B-00C04F79EFBC}") = "MultiplierTestLib", "MultiplierTestLib\MultiplierTestLib.csproj", "{6A49B95C-9107-461A-B3A2-0CFE1752B74D}"
EndProject
Project("{FAE04EC0-301F-11D3-BF4B-00C04F79EFBC}") = "MultiplierLib", "MultiplierLib\MultiplierLib.csproj", "{35412AE8-CA96-4A81-9CE7-80970363D455}"
EndProject
Project("{FAE04EC0-301F-11D3-BF4B-00C04F79EFBC}") = "Demo_01", "Demo_01\Demo_01.csproj", "{2582EEC0-4D10-49D5-8F01-0DE11E6AD02E}"
EndProject
Project("{2150E333-8FDC-42A3-9474-1A3956D46DE8}") = "2017-09-20", "2017-09-20", "{1E7C399A-DA4D-4FBD-A453-BDE7C51770A0}"
EndProject
Project("{FAE04EC0-301F-11D3-BF4B-00C04F79EFBC}") = "ExamTestsLib", "ExamTestsLib\ExamTestsLib.csproj", "{5B3C3593-51A0-4105-93BF-C055C83E9705}"
EndProject
Project("{FAE04EC0-301F-11D3-BF4B-00C04F79EFBC}") = "ExamLib", "ClassLibrary1\ExamLib.csproj", "{97C1ED84-2D3D-4FFB-87E2-6799CA2ACAF8}"
EndProject
Project("{FAE04EC0-301F-11D3-BF4B-00C04F79EFBC}") = "ExamGradeTest", "ExamGradeTest\ExamGradeTest.csproj", "{837EF2B2-697B-4883-8160-D36396C4E547}"
EndProject
Project("{2150E333-8FDC-42A3-9474-1A3956D46DE8}") = "GuessNumber", "GuessNumber", "{6212B8A5-A269-42BD-ACC1-0870002CC334}"
EndProject
Project("{FAE04EC0-301F-11D3-BF4B-00C04F79EFBC}") = "GuessNumberLib", "GuessNumberLib\GuessNumberLib.csproj", "{E7FB5CD2-D26C-4EB1-B176-6FC723FACEEB}"
EndProject
Project("{FAE04EC0-301F-11D3-BF4B-00C04F79EFBC}") = "GuestNumberTestLib", "GuestNumberTestLib\GuestNumberTestLib.csproj", "{EBD5B75C-5D05-4869-9F79-4DEBAEA5FBAB}"
EndProject
Global
	GlobalSection(SolutionConfigurationPlatforms) = preSolution
		Debug|Any CPU = Debug|Any CPU
		Release|Any CPU = Release|Any CPU
	EndGlobalSection
	GlobalSection(ProjectConfigurationPlatforms) = postSolution
		{6A49B95C-9107-461A-B3A2-0CFE1752B74D}.Debug|Any CPU.ActiveCfg = Debug|Any CPU
		{6A49B95C-9107-461A-B3A2-0CFE1752B74D}.Debug|Any CPU.Build.0 = Debug|Any CPU
		{6A49B95C-9107-461A-B3A2-0CFE1752B74D}.Release|Any CPU.ActiveCfg = Release|Any CPU
		{6A49B95C-9107-461A-B3A2-0CFE1752B74D}.Release|Any CPU.Build.0 = Release|Any CPU
		{35412AE8-CA96-4A81-9CE7-80970363D455}.Debug|Any CPU.ActiveCfg = Debug|Any CPU
		{35412AE8-CA96-4A81-9CE7-80970363D455}.Debug|Any CPU.Build.0 = Debug|Any CPU
		{35412AE8-CA96-4A81-9CE7-80970363D455}.Release|Any CPU.ActiveCfg = Release|Any CPU
		{35412AE8-CA96-4A81-9CE7-80970363D455}.Release|Any CPU.Build.0 = Release|Any CPU
		{2582EEC0-4D10-49D5-8F01-0DE11E6AD02E}.Debug|Any CPU.ActiveCfg = Debug|Any CPU
		{2582EEC0-4D10-49D5-8F01-0DE11E6AD02E}.Debug|Any CPU.Build.0 = Debug|Any CPU
		{2582EEC0-4D10-49D5-8F01-0DE11E6AD02E}.Release|Any CPU.ActiveCfg = Release|Any CPU
		{2582EEC0-4D10-49D5-8F01-0DE11E6AD02E}.Release|Any CPU.Build.0 = Release|Any CPU
		{5B3C3593-51A0-4105-93BF-C055C83E9705}.Debug|Any CPU.ActiveCfg = Debug|Any CPU
		{5B3C3593-51A0-4105-93BF-C055C83E9705}.Debug|Any CPU.Build.0 = Debug|Any CPU
		{5B3C3593-51A0-4105-93BF-C055C83E9705}.Release|Any CPU.ActiveCfg = Release|Any CPU
		{5B3C3593-51A0-4105-93BF-C055C83E9705}.Release|Any CPU.Build.0 = Release|Any CPU
		{97C1ED84-2D3D-4FFB-87E2-6799CA2ACAF8}.Debug|Any CPU.ActiveCfg = Debug|Any CPU
		{97C1ED84-2D3D-4FFB-87E2-6799CA2ACAF8}.Debug|Any CPU.Build.0 = Debug|Any CPU
		{97C1ED84-2D3D-4FFB-87E2-6799CA2ACAF8}.Release|Any CPU.ActiveCfg = Release|Any CPU
		{97C1ED84-2D3D-4FFB-87E2-6799CA2ACAF8}.Release|Any CPU.Build.0 = Release|Any CPU
		{837EF2B2-697B-4883-8160-D36396C4E547}.Debug|Any CPU.ActiveCfg = Debug|Any CPU
		{837EF2B2-697B-4883-8160-D36396C4E547}.Debug|Any CPU.Build.0 = Debug|Any CPU
		{837EF2B2-697B-4883-8160-D36396C4E547}.Release|Any CPU.ActiveCfg = Release|Any CPU
		{837EF2B2-697B-4883-8160-D36396C4E547}.Release|Any CPU.Build.0 = Release|Any CPU
		{E7FB5CD2-D26C-4EB1-B176-6FC723FACEEB}.Debug|Any CPU.ActiveCfg = Debug|Any CPU
		{E7FB5CD2-D26C-4EB1-B176-6FC723FACEEB}.Debug|Any CPU.Build.0 = Debug|Any CPU
		{E7FB5CD2-D26C-4EB1-B176-6FC723FACEEB}.Release|Any CPU.ActiveCfg = Release|Any CPU
		{E7FB5CD2-D26C-4EB1-B176-6FC723FACEEB}.Release|Any CPU.Build.0 = Release|Any CPU
		{EBD5B75C-5D05-4869-9F79-4DEBAEA5FBAB}.Debug|Any CPU.ActiveCfg = Debug|Any CPU
		{EBD5B75C-5D05-4869-9F79-4DEBAEA5FBAB}.Debug|Any CPU.Build.0 = Debug|Any CPU
		{EBD5B75C-5D05-4869-9F79-4DEBAEA5FBAB}.Release|Any CPU.ActiveCfg = Release|Any CPU
		{EBD5B75C-5D05-4869-9F79-4DEBAEA5FBAB}.Release|Any CPU.Build.0 = Release|Any CPU
	EndGlobalSection
	GlobalSection(SolutionProperties) = preSolution
		HideSolutionNode = FALSE
	EndGlobalSection
	GlobalSection(NestedProjects) = preSolution
		{5B3C3593-51A0-4105-93BF-C055C83E9705} = {1E7C399A-DA4D-4FBD-A453-BDE7C51770A0}
		{97C1ED84-2D3D-4FFB-87E2-6799CA2ACAF8} = {1E7C399A-DA4D-4FBD-A453-BDE7C51770A0}
		{837EF2B2-697B-4883-8160-D36396C4E547} = {1E7C399A-DA4D-4FBD-A453-BDE7C51770A0}
		{E7FB5CD2-D26C-4EB1-B176-6FC723FACEEB} = {6212B8A5-A269-42BD-ACC1-0870002CC334}
		{EBD5B75C-5D05-4869-9F79-4DEBAEA5FBAB} = {6212B8A5-A269-42BD-ACC1-0870002CC334}
	EndGlobalSection
	GlobalSection(ExtensibilityGlobals) = postSolution
		SolutionGuid = {994D6538-9950-4FF8-A3E4-E629751D2A39}
	EndGlobalSection
EndGlobal
