
Microsoft Visual Studio Solution File, Format Version 12.00
# Visual Studio 15
VisualStudioVersion = 15.0.26730.16
MinimumVisualStudioVersion = 10.0.40219.1
Project("{FAE04EC0-301F-11D3-BF4B-00C04F79EFBC}") = "MultiplierTestLib", "MultiplierTestLib\MultiplierTestLib.csproj", "{6A49B95C-9107-461A-B3A2-0CFE1752B74D}"
EndProject
Project("{FAE04EC0-301F-11D3-BF4B-00C04F79EFBC}") = "MultiplierLib", "MultiplierLib\MultiplierLib.csproj", "{35412AE8-CA96-4A81-9CE7-80970363D455}"
EndProject
Project("{FAE04EC0-301F-11D3-BF4B-00C04F79EFBC}") = "Demo_01", "Demo_01\Demo_01.csproj", "{2582EEC0-4D10-49D5-8F01-0DE11E6AD02E}"
EndProject
Project("{2150E333-8FDC-42A3-9474-1A3956D46DE8}") = "2017-09-20", "2017-09-20", "{1E7C399A-DA4D-4FBD-A453-BDE7C51770A0}"
EndProject
Project("{FAE04EC0-301F-11D3-BF4B-00C04F79EFBC}") = "ExamTestsLib", "ExamTestsLib\ExamTestsLib.csproj", "{5B3C3593-51A0-4105-93BF-C055C83E9705}"
EndProject
Project("{FAE04EC0-301F-11D3-BF4B-00C04F79EFBC}") = "ExamLib", "ClassLibrary1\ExamLib.csproj", "{97C1ED84-2D3D-4FFB-87E2-6799CA2ACAF8}"
EndProject
Project("{FAE04EC0-301F-11D3-BF4B-00C04F79EFBC}") = "ExamGradeTest", "ExamGradeTest\ExamGradeTest.csproj", "{837EF2B2-697B-4883-8160-D36396C4E547}"
EndProject
Project("{2150E333-8FDC-42A3-9474-1A3956D46DE8}") = "GuessNumber", "GuessNumber", "{6212B8A5-A269-42BD-ACC1-0870002CC334}"
EndProject
Project("{9A19103F-16F7-4668-BE54-9A1E7A4F7556}") = "GuessNumberLib", "GuessNumberLib\GuessNumberLib.csproj", "{E7FB5CD2-D26C-4EB1-B176-6FC723FACEEB}"
EndProject
Project("{FAE04EC0-301F-11D3-BF4B-00C04F79EFBC}") = "GuestNumberTestLib", "GuestNumberTestLib\GuestNumberTestLib.csproj", "{EBD5B75C-5D05-4869-9F79-4DEBAEA5FBAB}"
EndProject
Project("{FAE04EC0-301F-11D3-BF4B-00C04F79EFBC}") = "GuessNumberGui", "GuessNumberGui\GuessNumberGui.csproj", "{9B59EA01-02D0-4C89-8147-2AC412E4BA42}"
EndProject
Project("{2150E333-8FDC-42A3-9474-1A3956D46DE8}") = "Dice Game", "Dice Game", "{1E95396E-96ED-4CE7-8476-0BB6B67C510F}"
EndProject
Project("{FAE04EC0-301F-11D3-BF4B-00C04F79EFBC}") = "GameLIb", "Game\GameLIb.csproj", "{39C10309-1BFF-49E5-A404-A6FFE6C0F688}"
EndProject
Project("{FAE04EC0-301F-11D3-BF4B-00C04F79EFBC}") = "DiceTestLib", "DiceTestLib\DiceTestLib.csproj", "{463D677F-0B27-4C0E-917E-4BFC80D22C3B}"
EndProject
Project("{2150E333-8FDC-42A3-9474-1A3956D46DE8}") = "OOP", "OOP", "{02981298-BF24-4595-8458-7D1BACEF5E6E}"
EndProject
Project("{FAE04EC0-301F-11D3-BF4B-00C04F79EFBC}") = "OOPConsoleApp", "OOPConsoleApp\OOPConsoleApp.csproj", "{4EE8063C-03B6-4F85-A772-836D71FDB4C3}"
EndProject
Project("{FAE04EC0-301F-11D3-BF4B-00C04F79EFBC}") = "CarBuilderApp", "CarBuilderApp\CarBuilderApp.csproj", "{99234476-C82C-4C6F-A976-72EFA5C21823}"
EndProject
Project("{FAE04EC0-301F-11D3-BF4B-00C04F79EFBC}") = "SchoolProgram", "SchoolProgram\SchoolProgram.csproj", "{20720F85-DA02-4594-BB3B-48CCEA72155B}"
EndProject
Project("{2150E333-8FDC-42A3-9474-1A3956D46DE8}") = "ConvertToUpperCase", "ConvertToUpperCase", "{33045686-8A09-4CA7-AC69-F7E7E404703B}"
EndProject
Project("{FAE04EC0-301F-11D3-BF4B-00C04F79EFBC}") = "ConvertToUpperCaseApp", "ConvertToUpperCaseApp\ConvertToUpperCaseApp.csproj", "{614BAE5A-A12A-417B-8091-4A9D62AD522C}"
EndProject
Project("{2150E333-8FDC-42A3-9474-1A3956D46DE8}") = "AddTwoFilesToThird", "AddTwoFilesToThird", "{0A3E63FA-0486-473E-95A8-0FDA52790570}"
EndProject
Project("{FAE04EC0-301F-11D3-BF4B-00C04F79EFBC}") = "AddTwoFilesToThirdApp", "ExampleAPP\AddTwoFilesToThirdApp.csproj", "{203AD4C1-E564-4861-9744-43FAF97012E1}"
EndProject
Project("{2150E333-8FDC-42A3-9474-1A3956D46DE8}") = "SlideShow", "SlideShow", "{17D57649-EADD-41A1-9A1E-BDA83AB75125}"
EndProject
Project("{FAE04EC0-301F-11D3-BF4B-00C04F79EFBC}") = "SlideShowApp", "SlideShowApp\SlideShowApp.csproj", "{3736B335-16A3-4B2C-9210-EBD725055825}"
EndProject
Project("{2150E333-8FDC-42A3-9474-1A3956D46DE8}") = "KundUppgifter", "KundUppgifter", "{E310518B-AAC3-4F51-A9C4-B3C06B6429FD}"
EndProject
Project("{FAE04EC0-301F-11D3-BF4B-00C04F79EFBC}") = "KundUppgifterApp", "KundUppgifterApp\KundUppgifterApp.csproj", "{8965B5D4-B955-45EF-84EE-75A699EC790E}"
EndProject
Project("{2150E333-8FDC-42A3-9474-1A3956D46DE8}") = "04-10-17", "04-10-17", "{54767F5B-368A-48FC-81AF-FC415F719FA8}"
EndProject
Project("{FAE04EC0-301F-11D3-BF4B-00C04F79EFBC}") = "ClientApp", "ClientApp\ClientApp.csproj", "{F2742285-3779-4D3E-B904-D1531726B9B4}"
EndProject
Project("{2150E333-8FDC-42A3-9474-1A3956D46DE8}") = "PersonNumberGreetings", "PersonNumberGreetings", "{34539C65-D484-4800-8F41-FBDEB55DE833}"
EndProject
Project("{FAE04EC0-301F-11D3-BF4B-00C04F79EFBC}") = "PersonnummerLibTests", "PersonnummerGreetingTests\PersonnummerLibTests.csproj", "{44CEE807-1CC5-4D67-A44B-DE26580DBA76}"
EndProject
Project("{FAE04EC0-301F-11D3-BF4B-00C04F79EFBC}") = "PersonnummerLib", "PersonnummerLib\PersonnummerLib.csproj", "{22C5AC21-0A42-404E-838F-9814EA197399}"
EndProject
Project("{2150E333-8FDC-42A3-9474-1A3956D46DE8}") = "11-10-17", "11-10-17", "{1E26C4A1-CBE4-4DC3-A2D1-6770BA5E7B3F}"
EndProject
Project("{FAE04EC0-301F-11D3-BF4B-00C04F79EFBC}") = "SIImportTests", "SIImportTests\SIImportTests.csproj", "{BFF1904B-986D-4314-9EE5-4339086F4618}"
EndProject
Project("{FAE04EC0-301F-11D3-BF4B-00C04F79EFBC}") = "RegexMatchCounterTest", "RegexMatchCounterTest\RegexMatchCounterTest.csproj", "{A4E7B37C-98F9-4E25-97F5-29BC0AA59A66}"
EndProject
Project("{9A19103F-16F7-4668-BE54-9A1E7A4F7556}") = "RegexMatchCounterLib", "RegexMatchCounterLib\RegexMatchCounterLib.csproj", "{92BFEEEB-7B3C-4B0B-9F97-64DA57D6F1BE}"
EndProject
Project("{2150E333-8FDC-42A3-9474-1A3956D46DE8}") = "Calculator", "Calculator", "{80091A4C-D2F3-410E-B0BC-347B81EA7F64}"
EndProject
Project("{FAE04EC0-301F-11D3-BF4B-00C04F79EFBC}") = "CalculatorTestLib", "CalculatorTest\CalculatorTestLib.csproj", "{C46B23F5-C5EE-464A-8BDD-0610E461DFFD}"
EndProject
Project("{FAE04EC0-301F-11D3-BF4B-00C04F79EFBC}") = "CalculatorLib3", "CalculatorLib3\CalculatorLib3.csproj", "{B9252D1C-8957-41B5-B101-D59DD2283DE2}"
EndProject
Project("{FAE04EC0-301F-11D3-BF4B-00C04F79EFBC}") = "CalculatorWinApp", "CalculatorWinApp\CalculatorWinApp.csproj", "{24EFF061-9097-468B-85C5-F25D5ACC398B}"
EndProject
Project("{2150E333-8FDC-42A3-9474-1A3956D46DE8}") = "16-10-17", "16-10-17", "{5C2C433F-2BC3-4F5B-B163-684522B1C4CB}"
	ProjectSection(SolutionItems) = preProject
		trip.txt = trip.txt
	EndProjectSection
EndProject
Project("{FAE04EC0-301F-11D3-BF4B-00C04F79EFBC}") = "DriverJournalTest", "DriverJournalTest\DriverJournalTest.csproj", "{9BA52FBD-2489-4B69-98C1-3550FF0E9A7A}"
EndProject
Project("{FAE04EC0-301F-11D3-BF4B-00C04F79EFBC}") = "DriverJournalLib", "DriverJournalLib\DriverJournalLib.csproj", "{0139D19B-43A1-429C-AD62-7009A0502DA5}"
EndProject
Global
	GlobalSection(SolutionConfigurationPlatforms) = preSolution
		Debug|Any CPU = Debug|Any CPU
		Release|Any CPU = Release|Any CPU
	EndGlobalSection
	GlobalSection(ProjectConfigurationPlatforms) = postSolution
		{6A49B95C-9107-461A-B3A2-0CFE1752B74D}.Debug|Any CPU.ActiveCfg = Debug|Any CPU
		{6A49B95C-9107-461A-B3A2-0CFE1752B74D}.Debug|Any CPU.Build.0 = Debug|Any CPU
		{6A49B95C-9107-461A-B3A2-0CFE1752B74D}.Release|Any CPU.ActiveCfg = Release|Any CPU
		{6A49B95C-9107-461A-B3A2-0CFE1752B74D}.Release|Any CPU.Build.0 = Release|Any CPU
		{35412AE8-CA96-4A81-9CE7-80970363D455}.Debug|Any CPU.ActiveCfg = Debug|Any CPU
		{35412AE8-CA96-4A81-9CE7-80970363D455}.Debug|Any CPU.Build.0 = Debug|Any CPU
		{35412AE8-CA96-4A81-9CE7-80970363D455}.Release|Any CPU.ActiveCfg = Release|Any CPU
		{35412AE8-CA96-4A81-9CE7-80970363D455}.Release|Any CPU.Build.0 = Release|Any CPU
		{2582EEC0-4D10-49D5-8F01-0DE11E6AD02E}.Debug|Any CPU.ActiveCfg = Debug|Any CPU
		{2582EEC0-4D10-49D5-8F01-0DE11E6AD02E}.Debug|Any CPU.Build.0 = Debug|Any CPU
		{2582EEC0-4D10-49D5-8F01-0DE11E6AD02E}.Release|Any CPU.ActiveCfg = Release|Any CPU
		{2582EEC0-4D10-49D5-8F01-0DE11E6AD02E}.Release|Any CPU.Build.0 = Release|Any CPU
		{5B3C3593-51A0-4105-93BF-C055C83E9705}.Debug|Any CPU.ActiveCfg = Debug|Any CPU
		{5B3C3593-51A0-4105-93BF-C055C83E9705}.Debug|Any CPU.Build.0 = Debug|Any CPU
		{5B3C3593-51A0-4105-93BF-C055C83E9705}.Release|Any CPU.ActiveCfg = Release|Any CPU
		{5B3C3593-51A0-4105-93BF-C055C83E9705}.Release|Any CPU.Build.0 = Release|Any CPU
		{97C1ED84-2D3D-4FFB-87E2-6799CA2ACAF8}.Debug|Any CPU.ActiveCfg = Debug|Any CPU
		{97C1ED84-2D3D-4FFB-87E2-6799CA2ACAF8}.Debug|Any CPU.Build.0 = Debug|Any CPU
		{97C1ED84-2D3D-4FFB-87E2-6799CA2ACAF8}.Release|Any CPU.ActiveCfg = Release|Any CPU
		{97C1ED84-2D3D-4FFB-87E2-6799CA2ACAF8}.Release|Any CPU.Build.0 = Release|Any CPU
		{837EF2B2-697B-4883-8160-D36396C4E547}.Debug|Any CPU.ActiveCfg = Debug|Any CPU
		{837EF2B2-697B-4883-8160-D36396C4E547}.Debug|Any CPU.Build.0 = Debug|Any CPU
		{837EF2B2-697B-4883-8160-D36396C4E547}.Release|Any CPU.ActiveCfg = Release|Any CPU
		{837EF2B2-697B-4883-8160-D36396C4E547}.Release|Any CPU.Build.0 = Release|Any CPU
		{E7FB5CD2-D26C-4EB1-B176-6FC723FACEEB}.Debug|Any CPU.ActiveCfg = Debug|Any CPU
		{E7FB5CD2-D26C-4EB1-B176-6FC723FACEEB}.Debug|Any CPU.Build.0 = Debug|Any CPU
		{E7FB5CD2-D26C-4EB1-B176-6FC723FACEEB}.Release|Any CPU.ActiveCfg = Release|Any CPU
		{E7FB5CD2-D26C-4EB1-B176-6FC723FACEEB}.Release|Any CPU.Build.0 = Release|Any CPU
		{EBD5B75C-5D05-4869-9F79-4DEBAEA5FBAB}.Debug|Any CPU.ActiveCfg = Debug|Any CPU
		{EBD5B75C-5D05-4869-9F79-4DEBAEA5FBAB}.Debug|Any CPU.Build.0 = Debug|Any CPU
		{EBD5B75C-5D05-4869-9F79-4DEBAEA5FBAB}.Release|Any CPU.ActiveCfg = Release|Any CPU
		{EBD5B75C-5D05-4869-9F79-4DEBAEA5FBAB}.Release|Any CPU.Build.0 = Release|Any CPU
		{9B59EA01-02D0-4C89-8147-2AC412E4BA42}.Debug|Any CPU.ActiveCfg = Debug|Any CPU
		{9B59EA01-02D0-4C89-8147-2AC412E4BA42}.Debug|Any CPU.Build.0 = Debug|Any CPU
		{9B59EA01-02D0-4C89-8147-2AC412E4BA42}.Release|Any CPU.ActiveCfg = Release|Any CPU
		{9B59EA01-02D0-4C89-8147-2AC412E4BA42}.Release|Any CPU.Build.0 = Release|Any CPU
		{39C10309-1BFF-49E5-A404-A6FFE6C0F688}.Debug|Any CPU.ActiveCfg = Debug|Any CPU
		{39C10309-1BFF-49E5-A404-A6FFE6C0F688}.Debug|Any CPU.Build.0 = Debug|Any CPU
		{39C10309-1BFF-49E5-A404-A6FFE6C0F688}.Release|Any CPU.ActiveCfg = Release|Any CPU
		{39C10309-1BFF-49E5-A404-A6FFE6C0F688}.Release|Any CPU.Build.0 = Release|Any CPU
		{463D677F-0B27-4C0E-917E-4BFC80D22C3B}.Debug|Any CPU.ActiveCfg = Debug|Any CPU
		{463D677F-0B27-4C0E-917E-4BFC80D22C3B}.Debug|Any CPU.Build.0 = Debug|Any CPU
		{463D677F-0B27-4C0E-917E-4BFC80D22C3B}.Release|Any CPU.ActiveCfg = Release|Any CPU
		{463D677F-0B27-4C0E-917E-4BFC80D22C3B}.Release|Any CPU.Build.0 = Release|Any CPU
		{4EE8063C-03B6-4F85-A772-836D71FDB4C3}.Debug|Any CPU.ActiveCfg = Debug|Any CPU
		{4EE8063C-03B6-4F85-A772-836D71FDB4C3}.Debug|Any CPU.Build.0 = Debug|Any CPU
		{4EE8063C-03B6-4F85-A772-836D71FDB4C3}.Release|Any CPU.ActiveCfg = Release|Any CPU
		{4EE8063C-03B6-4F85-A772-836D71FDB4C3}.Release|Any CPU.Build.0 = Release|Any CPU
		{99234476-C82C-4C6F-A976-72EFA5C21823}.Debug|Any CPU.ActiveCfg = Debug|Any CPU
		{99234476-C82C-4C6F-A976-72EFA5C21823}.Debug|Any CPU.Build.0 = Debug|Any CPU
		{99234476-C82C-4C6F-A976-72EFA5C21823}.Release|Any CPU.ActiveCfg = Release|Any CPU
		{99234476-C82C-4C6F-A976-72EFA5C21823}.Release|Any CPU.Build.0 = Release|Any CPU
		{20720F85-DA02-4594-BB3B-48CCEA72155B}.Debug|Any CPU.ActiveCfg = Debug|Any CPU
		{20720F85-DA02-4594-BB3B-48CCEA72155B}.Debug|Any CPU.Build.0 = Debug|Any CPU
		{20720F85-DA02-4594-BB3B-48CCEA72155B}.Release|Any CPU.ActiveCfg = Release|Any CPU
		{20720F85-DA02-4594-BB3B-48CCEA72155B}.Release|Any CPU.Build.0 = Release|Any CPU
		{614BAE5A-A12A-417B-8091-4A9D62AD522C}.Debug|Any CPU.ActiveCfg = Debug|Any CPU
		{614BAE5A-A12A-417B-8091-4A9D62AD522C}.Debug|Any CPU.Build.0 = Debug|Any CPU
		{614BAE5A-A12A-417B-8091-4A9D62AD522C}.Release|Any CPU.ActiveCfg = Release|Any CPU
		{614BAE5A-A12A-417B-8091-4A9D62AD522C}.Release|Any CPU.Build.0 = Release|Any CPU
		{203AD4C1-E564-4861-9744-43FAF97012E1}.Debug|Any CPU.ActiveCfg = Debug|Any CPU
		{203AD4C1-E564-4861-9744-43FAF97012E1}.Debug|Any CPU.Build.0 = Debug|Any CPU
		{203AD4C1-E564-4861-9744-43FAF97012E1}.Release|Any CPU.ActiveCfg = Release|Any CPU
		{203AD4C1-E564-4861-9744-43FAF97012E1}.Release|Any CPU.Build.0 = Release|Any CPU
		{3736B335-16A3-4B2C-9210-EBD725055825}.Debug|Any CPU.ActiveCfg = Debug|Any CPU
		{3736B335-16A3-4B2C-9210-EBD725055825}.Debug|Any CPU.Build.0 = Debug|Any CPU
		{3736B335-16A3-4B2C-9210-EBD725055825}.Release|Any CPU.ActiveCfg = Release|Any CPU
		{3736B335-16A3-4B2C-9210-EBD725055825}.Release|Any CPU.Build.0 = Release|Any CPU
		{8965B5D4-B955-45EF-84EE-75A699EC790E}.Debug|Any CPU.ActiveCfg = Debug|Any CPU
		{8965B5D4-B955-45EF-84EE-75A699EC790E}.Debug|Any CPU.Build.0 = Debug|Any CPU
		{8965B5D4-B955-45EF-84EE-75A699EC790E}.Release|Any CPU.ActiveCfg = Release|Any CPU
		{8965B5D4-B955-45EF-84EE-75A699EC790E}.Release|Any CPU.Build.0 = Release|Any CPU
		{F2742285-3779-4D3E-B904-D1531726B9B4}.Debug|Any CPU.ActiveCfg = Debug|Any CPU
		{F2742285-3779-4D3E-B904-D1531726B9B4}.Debug|Any CPU.Build.0 = Debug|Any CPU
		{F2742285-3779-4D3E-B904-D1531726B9B4}.Release|Any CPU.ActiveCfg = Release|Any CPU
		{F2742285-3779-4D3E-B904-D1531726B9B4}.Release|Any CPU.Build.0 = Release|Any CPU
		{44CEE807-1CC5-4D67-A44B-DE26580DBA76}.Debug|Any CPU.ActiveCfg = Debug|Any CPU
		{44CEE807-1CC5-4D67-A44B-DE26580DBA76}.Debug|Any CPU.Build.0 = Debug|Any CPU
		{44CEE807-1CC5-4D67-A44B-DE26580DBA76}.Release|Any CPU.ActiveCfg = Release|Any CPU
		{44CEE807-1CC5-4D67-A44B-DE26580DBA76}.Release|Any CPU.Build.0 = Release|Any CPU
		{22C5AC21-0A42-404E-838F-9814EA197399}.Debug|Any CPU.ActiveCfg = Debug|Any CPU
		{22C5AC21-0A42-404E-838F-9814EA197399}.Debug|Any CPU.Build.0 = Debug|Any CPU
		{22C5AC21-0A42-404E-838F-9814EA197399}.Release|Any CPU.ActiveCfg = Release|Any CPU
		{22C5AC21-0A42-404E-838F-9814EA197399}.Release|Any CPU.Build.0 = Release|Any CPU
		{BFF1904B-986D-4314-9EE5-4339086F4618}.Debug|Any CPU.ActiveCfg = Debug|Any CPU
		{BFF1904B-986D-4314-9EE5-4339086F4618}.Debug|Any CPU.Build.0 = Debug|Any CPU
		{BFF1904B-986D-4314-9EE5-4339086F4618}.Release|Any CPU.ActiveCfg = Release|Any CPU
		{BFF1904B-986D-4314-9EE5-4339086F4618}.Release|Any CPU.Build.0 = Release|Any CPU
		{A4E7B37C-98F9-4E25-97F5-29BC0AA59A66}.Debug|Any CPU.ActiveCfg = Debug|Any CPU
		{A4E7B37C-98F9-4E25-97F5-29BC0AA59A66}.Debug|Any CPU.Build.0 = Debug|Any CPU
		{A4E7B37C-98F9-4E25-97F5-29BC0AA59A66}.Release|Any CPU.ActiveCfg = Release|Any CPU
		{A4E7B37C-98F9-4E25-97F5-29BC0AA59A66}.Release|Any CPU.Build.0 = Release|Any CPU
		{92BFEEEB-7B3C-4B0B-9F97-64DA57D6F1BE}.Debug|Any CPU.ActiveCfg = Debug|Any CPU
		{92BFEEEB-7B3C-4B0B-9F97-64DA57D6F1BE}.Debug|Any CPU.Build.0 = Debug|Any CPU
		{92BFEEEB-7B3C-4B0B-9F97-64DA57D6F1BE}.Release|Any CPU.ActiveCfg = Release|Any CPU
		{92BFEEEB-7B3C-4B0B-9F97-64DA57D6F1BE}.Release|Any CPU.Build.0 = Release|Any CPU
		{C46B23F5-C5EE-464A-8BDD-0610E461DFFD}.Debug|Any CPU.ActiveCfg = Debug|Any CPU
		{C46B23F5-C5EE-464A-8BDD-0610E461DFFD}.Debug|Any CPU.Build.0 = Debug|Any CPU
		{C46B23F5-C5EE-464A-8BDD-0610E461DFFD}.Release|Any CPU.ActiveCfg = Release|Any CPU
		{C46B23F5-C5EE-464A-8BDD-0610E461DFFD}.Release|Any CPU.Build.0 = Release|Any CPU
		{B9252D1C-8957-41B5-B101-D59DD2283DE2}.Debug|Any CPU.ActiveCfg = Debug|Any CPU
		{B9252D1C-8957-41B5-B101-D59DD2283DE2}.Debug|Any CPU.Build.0 = Debug|Any CPU
		{B9252D1C-8957-41B5-B101-D59DD2283DE2}.Release|Any CPU.ActiveCfg = Release|Any CPU
		{B9252D1C-8957-41B5-B101-D59DD2283DE2}.Release|Any CPU.Build.0 = Release|Any CPU
		{24EFF061-9097-468B-85C5-F25D5ACC398B}.Debug|Any CPU.ActiveCfg = Debug|Any CPU
		{24EFF061-9097-468B-85C5-F25D5ACC398B}.Debug|Any CPU.Build.0 = Debug|Any CPU
		{24EFF061-9097-468B-85C5-F25D5ACC398B}.Release|Any CPU.ActiveCfg = Release|Any CPU
		{24EFF061-9097-468B-85C5-F25D5ACC398B}.Release|Any CPU.Build.0 = Release|Any CPU
		{9BA52FBD-2489-4B69-98C1-3550FF0E9A7A}.Debug|Any CPU.ActiveCfg = Debug|Any CPU
		{9BA52FBD-2489-4B69-98C1-3550FF0E9A7A}.Debug|Any CPU.Build.0 = Debug|Any CPU
		{9BA52FBD-2489-4B69-98C1-3550FF0E9A7A}.Release|Any CPU.ActiveCfg = Release|Any CPU
		{9BA52FBD-2489-4B69-98C1-3550FF0E9A7A}.Release|Any CPU.Build.0 = Release|Any CPU
		{0139D19B-43A1-429C-AD62-7009A0502DA5}.Debug|Any CPU.ActiveCfg = Debug|Any CPU
		{0139D19B-43A1-429C-AD62-7009A0502DA5}.Debug|Any CPU.Build.0 = Debug|Any CPU
		{0139D19B-43A1-429C-AD62-7009A0502DA5}.Release|Any CPU.ActiveCfg = Release|Any CPU
		{0139D19B-43A1-429C-AD62-7009A0502DA5}.Release|Any CPU.Build.0 = Release|Any CPU
	EndGlobalSection
	GlobalSection(SolutionProperties) = preSolution
		HideSolutionNode = FALSE
	EndGlobalSection
	GlobalSection(NestedProjects) = preSolution
		{5B3C3593-51A0-4105-93BF-C055C83E9705} = {1E7C399A-DA4D-4FBD-A453-BDE7C51770A0}
		{97C1ED84-2D3D-4FFB-87E2-6799CA2ACAF8} = {1E7C399A-DA4D-4FBD-A453-BDE7C51770A0}
		{837EF2B2-697B-4883-8160-D36396C4E547} = {1E7C399A-DA4D-4FBD-A453-BDE7C51770A0}
		{E7FB5CD2-D26C-4EB1-B176-6FC723FACEEB} = {6212B8A5-A269-42BD-ACC1-0870002CC334}
		{EBD5B75C-5D05-4869-9F79-4DEBAEA5FBAB} = {6212B8A5-A269-42BD-ACC1-0870002CC334}
		{9B59EA01-02D0-4C89-8147-2AC412E4BA42} = {6212B8A5-A269-42BD-ACC1-0870002CC334}
		{39C10309-1BFF-49E5-A404-A6FFE6C0F688} = {1E95396E-96ED-4CE7-8476-0BB6B67C510F}
		{463D677F-0B27-4C0E-917E-4BFC80D22C3B} = {1E95396E-96ED-4CE7-8476-0BB6B67C510F}
		{4EE8063C-03B6-4F85-A772-836D71FDB4C3} = {02981298-BF24-4595-8458-7D1BACEF5E6E}
		{99234476-C82C-4C6F-A976-72EFA5C21823} = {02981298-BF24-4595-8458-7D1BACEF5E6E}
		{20720F85-DA02-4594-BB3B-48CCEA72155B} = {02981298-BF24-4595-8458-7D1BACEF5E6E}
		{614BAE5A-A12A-417B-8091-4A9D62AD522C} = {33045686-8A09-4CA7-AC69-F7E7E404703B}
		{203AD4C1-E564-4861-9744-43FAF97012E1} = {0A3E63FA-0486-473E-95A8-0FDA52790570}
		{3736B335-16A3-4B2C-9210-EBD725055825} = {17D57649-EADD-41A1-9A1E-BDA83AB75125}
		{8965B5D4-B955-45EF-84EE-75A699EC790E} = {E310518B-AAC3-4F51-A9C4-B3C06B6429FD}
		{F2742285-3779-4D3E-B904-D1531726B9B4} = {54767F5B-368A-48FC-81AF-FC415F719FA8}
		{44CEE807-1CC5-4D67-A44B-DE26580DBA76} = {34539C65-D484-4800-8F41-FBDEB55DE833}
		{22C5AC21-0A42-404E-838F-9814EA197399} = {34539C65-D484-4800-8F41-FBDEB55DE833}
		{BFF1904B-986D-4314-9EE5-4339086F4618} = {1E26C4A1-CBE4-4DC3-A2D1-6770BA5E7B3F}
		{A4E7B37C-98F9-4E25-97F5-29BC0AA59A66} = {1E26C4A1-CBE4-4DC3-A2D1-6770BA5E7B3F}
		{92BFEEEB-7B3C-4B0B-9F97-64DA57D6F1BE} = {1E26C4A1-CBE4-4DC3-A2D1-6770BA5E7B3F}
		{C46B23F5-C5EE-464A-8BDD-0610E461DFFD} = {80091A4C-D2F3-410E-B0BC-347B81EA7F64}
		{B9252D1C-8957-41B5-B101-D59DD2283DE2} = {80091A4C-D2F3-410E-B0BC-347B81EA7F64}
		{24EFF061-9097-468B-85C5-F25D5ACC398B} = {80091A4C-D2F3-410E-B0BC-347B81EA7F64}
		{9BA52FBD-2489-4B69-98C1-3550FF0E9A7A} = {5C2C433F-2BC3-4F5B-B163-684522B1C4CB}
		{0139D19B-43A1-429C-AD62-7009A0502DA5} = {5C2C433F-2BC3-4F5B-B163-684522B1C4CB}
	EndGlobalSection
	GlobalSection(ExtensibilityGlobals) = postSolution
		SolutionGuid = {994D6538-9950-4FF8-A3E4-E629751D2A39}
	EndGlobalSection
EndGlobal
